
Microsoft Visual Studio Solution File, Format Version 12.00
# Visual Studio Version 17
VisualStudioVersion = 17.0.31903.59
MinimumVisualStudioVersion = 10.0.40219.1
Project("{FAE04EC0-301F-11D3-BF4B-00C04F79EFBC}") = "api", "api\api.csproj", "{99B98B8D-270A-4D3C-B7D3-2E5D90A6DC3A}"
EndProject
Project("{FAE04EC0-301F-11D3-BF4B-00C04F79EFBC}") = "efscaffold", "efscaffold\efscaffold.csproj", "{DD22DB07-EA68-45B6-83E8-ED8A1FC1558C}"
EndProject
Global
	GlobalSection(SolutionConfigurationPlatforms) = preSolution
		Debug|Any CPU = Debug|Any CPU
		Debug|x64 = Debug|x64
		Debug|x86 = Debug|x86
		Release|Any CPU = Release|Any CPU
		Release|x64 = Release|x64
		Release|x86 = Release|x86
	EndGlobalSection
	GlobalSection(ProjectConfigurationPlatforms) = postSolution
		{99B98B8D-270A-4D3C-B7D3-2E5D90A6DC3A}.Debug|Any CPU.ActiveCfg = Debug|Any CPU
		{99B98B8D-270A-4D3C-B7D3-2E5D90A6DC3A}.Debug|Any CPU.Build.0 = Debug|Any CPU
		{99B98B8D-270A-4D3C-B7D3-2E5D90A6DC3A}.Debug|x64.ActiveCfg = Debug|Any CPU
		{99B98B8D-270A-4D3C-B7D3-2E5D90A6DC3A}.Debug|x64.Build.0 = Debug|Any CPU
		{99B98B8D-270A-4D3C-B7D3-2E5D90A6DC3A}.Debug|x86.ActiveCfg = Debug|Any CPU
		{99B98B8D-270A-4D3C-B7D3-2E5D90A6DC3A}.Debug|x86.Build.0 = Debug|Any CPU
		{99B98B8D-270A-4D3C-B7D3-2E5D90A6DC3A}.Release|Any CPU.ActiveCfg = Release|Any CPU
		{99B98B8D-270A-4D3C-B7D3-2E5D90A6DC3A}.Release|Any CPU.Build.0 = Release|Any CPU
		{99B98B8D-270A-4D3C-B7D3-2E5D90A6DC3A}.Release|x64.ActiveCfg = Release|Any CPU
		{99B98B8D-270A-4D3C-B7D3-2E5D90A6DC3A}.Release|x64.Build.0 = Release|Any CPU
		{99B98B8D-270A-4D3C-B7D3-2E5D90A6DC3A}.Release|x86.ActiveCfg = Release|Any CPU
		{99B98B8D-270A-4D3C-B7D3-2E5D90A6DC3A}.Release|x86.Build.0 = Release|Any CPU
		{DD22DB07-EA68-45B6-83E8-ED8A1FC1558C}.Debug|Any CPU.ActiveCfg = Debug|Any CPU
		{DD22DB07-EA68-45B6-83E8-ED8A1FC1558C}.Debug|Any CPU.Build.0 = Debug|Any CPU
		{DD22DB07-EA68-45B6-83E8-ED8A1FC1558C}.Debug|x64.ActiveCfg = Debug|Any CPU
		{DD22DB07-EA68-45B6-83E8-ED8A1FC1558C}.Debug|x64.Build.0 = Debug|Any CPU
		{DD22DB07-EA68-45B6-83E8-ED8A1FC1558C}.Debug|x86.ActiveCfg = Debug|Any CPU
		{DD22DB07-EA68-45B6-83E8-ED8A1FC1558C}.Debug|x86.Build.0 = Debug|Any CPU
		{DD22DB07-EA68-45B6-83E8-ED8A1FC1558C}.Release|Any CPU.ActiveCfg = Release|Any CPU
		{DD22DB07-EA68-45B6-83E8-ED8A1FC1558C}.Release|Any CPU.Build.0 = Release|Any CPU
		{DD22DB07-EA68-45B6-83E8-ED8A1FC1558C}.Release|x64.ActiveCfg = Release|Any CPU
		{DD22DB07-EA68-45B6-83E8-ED8A1FC1558C}.Release|x64.Build.0 = Release|Any CPU
		{DD22DB07-EA68-45B6-83E8-ED8A1FC1558C}.Release|x86.ActiveCfg = Release|Any CPU
		{DD22DB07-EA68-45B6-83E8-ED8A1FC1558C}.Release|x86.Build.0 = Release|Any CPU
	EndGlobalSection
	GlobalSection(SolutionProperties) = preSolution
		HideSolutionNode = FALSE
	EndGlobalSection
EndGlobal
